// !$*UTF8*$!
{
	archiveVersion = 1;
	classes = {
	};
	objectVersion = 50;
	objects = {

/* Begin PBXBuildFile section */
		5430287524E4247C00628E9A /* main.cpp in Sources */ = {isa = PBXBuildFile; fileRef = 5430287424E4247C00628E9A /* main.cpp */; };
		5430288224E424C900628E9A /* IldaFrame.cpp in Sources */ = {isa = PBXBuildFile; fileRef = 5430287C24E4248A00628E9A /* IldaFrame.cpp */; };
		5430288324E424C900628E9A /* IldaFrames.cpp in Sources */ = {isa = PBXBuildFile; fileRef = 5430287D24E4248A00628E9A /* IldaFrames.cpp */; };
		5430288424E424C900628E9A /* Palette.cpp in Sources */ = {isa = PBXBuildFile; fileRef = 5430288024E4248A00628E9A /* Palette.cpp */; };
/* End PBXBuildFile section */

/* Begin PBXCopyFilesBuildPhase section */
		5430286F24E4247C00628E9A /* Copy Files */ = {
			isa = PBXCopyFilesBuildPhase;
			buildActionMask = 2147483647;
			dstPath = /usr/share/man/man1/;
			dstSubfolderSpec = 0;
			files = (
			);
			name = "Copy Files";
			runOnlyForDeploymentPostprocessing = 1;
		};
/* End PBXCopyFilesBuildPhase section */

/* Begin PBXFileReference section */
		5430287124E4247C00628E9A /* ild-test */ = {isa = PBXFileReference; explicitFileType = "compiled.mach-o.executable"; includeInIndex = 0; path = "ild-test"; sourceTree = BUILT_PRODUCTS_DIR; };
		5430287424E4247C00628E9A /* main.cpp */ = {isa = PBXFileReference; lastKnownFileType = sourcecode.cpp.cpp; path = main.cpp; sourceTree = "<group>"; };
		5430287C24E4248A00628E9A /* IldaFrame.cpp */ = {isa = PBXFileReference; lastKnownFileType = sourcecode.cpp.cpp; path = IldaFrame.cpp; sourceTree = "<group>"; };
		5430287D24E4248A00628E9A /* IldaFrames.cpp */ = {isa = PBXFileReference; lastKnownFileType = sourcecode.cpp.cpp; path = IldaFrames.cpp; sourceTree = "<group>"; };
		5430287E24E4248A00628E9A /* IldaFrame.h */ = {isa = PBXFileReference; lastKnownFileType = sourcecode.c.h; path = IldaFrame.h; sourceTree = "<group>"; };
		5430287F24E4248A00628E9A /* Palette.h */ = {isa = PBXFileReference; lastKnownFileType = sourcecode.c.h; path = Palette.h; sourceTree = "<group>"; };
		5430288024E4248A00628E9A /* Palette.cpp */ = {isa = PBXFileReference; lastKnownFileType = sourcecode.cpp.cpp; path = Palette.cpp; sourceTree = "<group>"; };
		5430288124E4248A00628E9A /* IldaFrames.h */ = {isa = PBXFileReference; lastKnownFileType = sourcecode.c.h; path = IldaFrames.h; sourceTree = "<group>"; };
/* End PBXFileReference section */

/* Begin PBXFrameworksBuildPhase section */
		5430286E24E4247C00628E9A /* Frameworks */ = {
			isa = PBXFrameworksBuildPhase;
			buildActionMask = 2147483647;
			files = (
			);
			runOnlyForDeploymentPostprocessing = 0;
		};
/* End PBXFrameworksBuildPhase section */

/* Begin PBXGroup section */
		5430286824E4247C00628E9A = {
			isa = PBXGroup;
			children = (
				5430287324E4247C00628E9A /* ild-test */,
				5430287224E4247C00628E9A /* Products */,
			);
			sourceTree = "<group>";
		};
		5430287224E4247C00628E9A /* Products */ = {
			isa = PBXGroup;
			children = (
				5430287124E4247C00628E9A /* ild-test */,
			);
			name = Products;
			sourceTree = "<group>";
		};
		5430287324E4247C00628E9A /* ild-test */ = {
			isa = PBXGroup;
			children = (
				5430287B24E4248A00628E9A /* lib */,
				5430287424E4247C00628E9A /* main.cpp */,
			);
			path = "ild-test";
			sourceTree = "<group>";
		};
		5430287B24E4248A00628E9A /* lib */ = {
			isa = PBXGroup;
			children = (
				5430287C24E4248A00628E9A /* IldaFrame.cpp */,
				5430287D24E4248A00628E9A /* IldaFrames.cpp */,
				5430287E24E4248A00628E9A /* IldaFrame.h */,
				5430287F24E4248A00628E9A /* Palette.h */,
				5430288024E4248A00628E9A /* Palette.cpp */,
				5430288124E4248A00628E9A /* IldaFrames.h */,
			);
			name = lib;
			path = ../../lib;
			sourceTree = "<group>";
		};
/* End PBXGroup section */

/* Begin PBXNativeTarget section */
		5430287024E4247C00628E9A /* ild-test */ = {
			isa = PBXNativeTarget;
			buildConfigurationList = 5430287824E4247C00628E9A /* Build configuration list for PBXNativeTarget "ild-test" */;
			buildPhases = (
				5430286D24E4247C00628E9A /* Sources */,
				5430286E24E4247C00628E9A /* Frameworks */,
				5430286F24E4247C00628E9A /* Copy Files */,
			);
			buildRules = (
			);
			dependencies = (
			);
			name = "ild-test";
			productName = "ild-test";
			productReference = 5430287124E4247C00628E9A /* ild-test */;
			productType = "com.apple.product-type.tool";
		};
/* End PBXNativeTarget section */

/* Begin PBXProject section */
		5430286924E4247C00628E9A /* Project object */ = {
			isa = PBXProject;
			attributes = {
				LastUpgradeCheck = 1150;
				ORGANIZATIONNAME = "Silvere Letellier";
				TargetAttributes = {
					5430287024E4247C00628E9A = {
						CreatedOnToolsVersion = 11.5;
					};
				};
			};
			buildConfigurationList = 5430286C24E4247C00628E9A /* Build configuration list for PBXProject "ild-test" */;
			compatibilityVersion = "Xcode 9.3";
			developmentRegion = en;
			hasScannedForEncodings = 0;
			knownRegions = (
				en,
				Base,
			);
			mainGroup = 5430286824E4247C00628E9A;
			productRefGroup = 5430287224E4247C00628E9A /* Products */;
			projectDirPath = "";
			projectRoot = "";
			targets = (
				5430287024E4247C00628E9A /* ild-test */,
			);
		};
/* End PBXProject section */

/* Begin PBXSourcesBuildPhase section */
		5430286D24E4247C00628E9A /* Sources */ = {
			isa = PBXSourcesBuildPhase;
			buildActionMask = 2147483647;
			files = (
				5430288224E424C900628E9A /* IldaFrame.cpp in Sources */,
				5430288324E424C900628E9A /* IldaFrames.cpp in Sources */,
				5430288424E424C900628E9A /* Palette.cpp in Sources */,
				5430287524E4247C00628E9A /* main.cpp in Sources */,
			);
			runOnlyForDeploymentPostprocessing = 0;
		};
/* End PBXSourcesBuildPhase section */

/* Begin XCBuildConfiguration section */
		5430287624E4247C00628E9A /* Debug */ = {
			isa = XCBuildConfiguration;
			buildSettings = {
				ALWAYS_SEARCH_USER_PATHS = NO;
				CLANG_ANALYZER_NONNULL = YES;
				CLANG_ANALYZER_NUMBER_OBJECT_CONVERSION = YES_AGGRESSIVE;
				CLANG_CXX_LANGUAGE_STANDARD = "gnu++14";
				CLANG_CXX_LIBRARY = "libc++";
				CLANG_ENABLE_MODULES = YES;
				CLANG_ENABLE_OBJC_ARC = YES;
				CLANG_ENABLE_OBJC_WEAK = YES;
				CLANG_WARN_BLOCK_CAPTURE_AUTORELEASING = YES;
				CLANG_WARN_BOOL_CONVERSION = YES;
				CLANG_WARN_COMMA = YES;
				CLANG_WARN_CONSTANT_CONVERSION = YES;
				CLANG_WARN_DEPRECATED_OBJC_IMPLEMENTATIONS = YES;
				CLANG_WARN_DIRECT_OBJC_ISA_USAGE = YES_ERROR;
				CLANG_WARN_DOCUMENTATION_COMMENTS = YES;
				CLANG_WARN_EMPTY_BODY = YES;
				CLANG_WARN_ENUM_CONVERSION = YES;
				CLANG_WARN_INFINITE_RECURSION = YES;
				CLANG_WARN_INT_CONVERSION = YES;
				CLANG_WARN_NON_LITERAL_NULL_CONVERSION = YES;
				CLANG_WARN_OBJC_IMPLICIT_RETAIN_SELF = YES;
				CLANG_WARN_OBJC_LITERAL_CONVERSION = YES;
				CLANG_WARN_OBJC_ROOT_CLASS = YES_ERROR;
				CLANG_WARN_RANGE_LOOP_ANALYSIS = YES;
				CLANG_WARN_STRICT_PROTOTYPES = YES;
				CLANG_WARN_SUSPICIOUS_MOVE = YES;
				CLANG_WARN_UNGUARDED_AVAILABILITY = YES_AGGRESSIVE;
				CLANG_WARN_UNREACHABLE_CODE = YES;
				CLANG_WARN__DUPLICATE_METHOD_MATCH = YES;
				COPY_PHASE_STRIP = NO;
				DEBUG_INFORMATION_FORMAT = dwarf;
				ENABLE_STRICT_OBJC_MSGSEND = YES;
				ENABLE_TESTABILITY = YES;
				GCC_C_LANGUAGE_STANDARD = gnu11;
				GCC_DYNAMIC_NO_PIC = NO;
				GCC_NO_COMMON_BLOCKS = YES;
				GCC_OPTIMIZATION_LEVEL = 0;
				GCC_PREPROCESSOR_DEFINITIONS = (
					"DEBUG=1",
					"$(inherited)",
				);
				GCC_WARN_64_TO_32_BIT_CONVERSION = YES;
				GCC_WARN_ABOUT_RETURN_TYPE = YES_ERROR;
				GCC_WARN_UNDECLARED_SELECTOR = YES;
				GCC_WARN_UNINITIALIZED_AUTOS = YES_AGGRESSIVE;
				GCC_WARN_UNUSED_FUNCTION = YES;
				GCC_WARN_UNUSED_VARIABLE = YES;
				MACOSX_DEPLOYMENT_TARGET = 10.15;
				MTL_ENABLE_DEBUG_INFO = INCLUDE_SOURCE;
				MTL_FAST_MATH = YES;
				ONLY_ACTIVE_ARCH = YES;
				SDKROOT = macosx;
			};
			name = Debug;
		};
		5430287724E4247C00628E9A /* Release */ = {
			isa = XCBuildConfiguration;
			buildSettings = {
				ALWAYS_SEARCH_USER_PATHS = NO;
				CLANG_ANALYZER_NONNULL = YES;
				CLANG_ANALYZER_NUMBER_OBJECT_CONVERSION = YES_AGGRESSIVE;
				CLANG_CXX_LANGUAGE_STANDARD = "gnu++14";
				CLANG_CXX_LIBRARY = "libc++";
				CLANG_ENABLE_MODULES = YES;
				CLANG_ENABLE_OBJC_ARC = YES;
				CLANG_ENABLE_OBJC_WEAK = YES;
				CLANG_WARN_BLOCK_CAPTURE_AUTORELEASING = YES;
				CLANG_WARN_BOOL_CONVERSION = YES;
				CLANG_WARN_COMMA = YES;
				CLANG_WARN_CONSTANT_CONVERSION = YES;
				CLANG_WARN_DEPRECATED_OBJC_IMPLEMENTATIONS = YES;
				CLANG_WARN_DIRECT_OBJC_ISA_USAGE = YES_ERROR;
				CLANG_WARN_DOCUMENTATION_COMMENTS = YES;
				CLANG_WARN_EMPTY_BODY = YES;
				CLANG_WARN_ENUM_CONVERSION = YES;
				CLANG_WARN_INFINITE_RECURSION = YES;
				CLANG_WARN_INT_CONVERSION = YES;
				CLANG_WARN_NON_LITERAL_NULL_CONVERSION = YES;
				CLANG_WARN_OBJC_IMPLICIT_RETAIN_SELF = YES;
				CLANG_WARN_OBJC_LITERAL_CONVERSION = YES;
				CLANG_WARN_OBJC_ROOT_CLASS = YES_ERROR;
				CLANG_WARN_RANGE_LOOP_ANALYSIS = YES;
				CLANG_WARN_STRICT_PROTOTYPES = YES;
				CLANG_WARN_SUSPICIOUS_MOVE = YES;
				CLANG_WARN_UNGUARDED_AVAILABILITY = YES_AGGRESSIVE;
				CLANG_WARN_UNREACHABLE_CODE = YES;
				CLANG_WARN__DUPLICATE_METHOD_MATCH = YES;
				COPY_PHASE_STRIP = NO;
				DEBUG_INFORMATION_FORMAT = "dwarf-with-dsym";
				ENABLE_NS_ASSERTIONS = NO;
				ENABLE_STRICT_OBJC_MSGSEND = YES;
				GCC_C_LANGUAGE_STANDARD = gnu11;
				GCC_NO_COMMON_BLOCKS = YES;
				GCC_WARN_64_TO_32_BIT_CONVERSION = YES;
				GCC_WARN_ABOUT_RETURN_TYPE = YES_ERROR;
				GCC_WARN_UNDECLARED_SELECTOR = YES;
				GCC_WARN_UNINITIALIZED_AUTOS = YES_AGGRESSIVE;
				GCC_WARN_UNUSED_FUNCTION = YES;
				GCC_WARN_UNUSED_VARIABLE = YES;
				MACOSX_DEPLOYMENT_TARGET = 10.15;
				MTL_ENABLE_DEBUG_INFO = NO;
				MTL_FAST_MATH = YES;
				SDKROOT = macosx;
			};
			name = Release;
		};
		5430287924E4247C00628E9A /* Debug */ = {
			isa = XCBuildConfiguration;
			buildSettings = {
				CODE_SIGN_STYLE = Automatic;
				HEADER_SEARCH_PATHS = "$(SRCROOT)/../lib";
				PRODUCT_NAME = "$(TARGET_NAME)";
			};
			name = Debug;
		};
		5430287A24E4247C00628E9A /* Release */ = {
			isa = XCBuildConfiguration;
			buildSettings = {
				CODE_SIGN_STYLE = Automatic;
				HEADER_SEARCH_PATHS = "$(SRCROOT)/../lib";
				PRODUCT_NAME = "$(TARGET_NAME)";
			};
			name = Release;
		};
/* End XCBuildConfiguration section */

/* Begin XCConfigurationList section */
		5430286C24E4247C00628E9A /* Build configuration list for PBXProject "ild-test" */ = {
			isa = XCConfigurationList;
			buildConfigurations = (
				5430287624E4247C00628E9A /* Debug */,
				5430287724E4247C00628E9A /* Release */,
			);
			defaultConfigurationIsVisible = 0;
			defaultConfigurationName = Release;
		};
		5430287824E4247C00628E9A /* Build configuration list for PBXNativeTarget "ild-test" */ = {
			isa = XCConfigurationList;
			buildConfigurations = (
				5430287924E4247C00628E9A /* Debug */,
				5430287A24E4247C00628E9A /* Release */,
			);
			defaultConfigurationIsVisible = 0;
			defaultConfigurationName = Release;
		};
/* End XCConfigurationList section */
	};
	rootObject = 5430286924E4247C00628E9A /* Project object */;
}
