// !$*UTF8*$!
{
	archiveVersion = 1;
	classes = {
	};
	objectVersion = 46;
	objects = {

/* Begin PBXBuildFile section */
		542E367C24C46EAE00C79AB7 /* Palette.h in Headers */ = {isa = PBXBuildFile; fileRef = 542E367624C46EAE00C79AB7 /* Palette.h */; };
		542E367D24C46EAE00C79AB7 /* Palette.cpp in Sources */ = {isa = PBXBuildFile; fileRef = 542E367724C46EAE00C79AB7 /* Palette.cpp */; };
		542E367E24C46EAE00C79AB7 /* IldaFrame.cpp in Sources */ = {isa = PBXBuildFile; fileRef = 542E367824C46EAE00C79AB7 /* IldaFrame.cpp */; };
		542E367F24C46EAE00C79AB7 /* IldaFrame.h in Headers */ = {isa = PBXBuildFile; fileRef = 542E367924C46EAE00C79AB7 /* IldaFrame.h */; };
		542E368024C46EAE00C79AB7 /* IldaFrames.cpp in Sources */ = {isa = PBXBuildFile; fileRef = 542E367A24C46EAE00C79AB7 /* IldaFrames.cpp */; };
		542E368124C46EAE00C79AB7 /* IldaFrames.h in Headers */ = {isa = PBXBuildFile; fileRef = 542E367B24C46EAE00C79AB7 /* IldaFrames.h */; };
		544C5DFD24C45C6700B6BC20 /* info.plist in Resources */ = {isa = PBXBuildFile; fileRef = 544C5DFC24C45C6700B6BC20 /* info.plist */; };
		544C5DFF24C45DA300B6BC20 /* maxmspsdk.xcconfig in Resources */ = {isa = PBXBuildFile; fileRef = 544C5DFE24C45DA300B6BC20 /* maxmspsdk.xcconfig */; };
		544C5E0124C45EBE00B6BC20 /* main.cpp in Sources */ = {isa = PBXBuildFile; fileRef = 544C5E0024C45EBE00B6BC20 /* main.cpp */; };
/* End PBXBuildFile section */

/* Begin PBXFileReference section */
		2FBBEAE508F335360078DB84 /* ildareader.mxo */ = {isa = PBXFileReference; explicitFileType = wrapper.cfbundle; includeInIndex = 0; path = ildareader.mxo; sourceTree = BUILT_PRODUCTS_DIR; };
		542E367624C46EAE00C79AB7 /* Palette.h */ = {isa = PBXFileReference; fileEncoding = 4; lastKnownFileType = sourcecode.c.h; name = Palette.h; path = ../../lib/Palette.h; sourceTree = "<group>"; };
		542E367724C46EAE00C79AB7 /* Palette.cpp */ = {isa = PBXFileReference; fileEncoding = 4; lastKnownFileType = sourcecode.cpp.cpp; name = Palette.cpp; path = ../../lib/Palette.cpp; sourceTree = "<group>"; };
		542E367824C46EAE00C79AB7 /* IldaFrame.cpp */ = {isa = PBXFileReference; fileEncoding = 4; lastKnownFileType = sourcecode.cpp.cpp; name = IldaFrame.cpp; path = ../../lib/IldaFrame.cpp; sourceTree = "<group>"; };
		542E367924C46EAE00C79AB7 /* IldaFrame.h */ = {isa = PBXFileReference; fileEncoding = 4; lastKnownFileType = sourcecode.c.h; name = IldaFrame.h; path = ../../lib/IldaFrame.h; sourceTree = "<group>"; };
		542E367A24C46EAE00C79AB7 /* IldaFrames.cpp */ = {isa = PBXFileReference; fileEncoding = 4; lastKnownFileType = sourcecode.cpp.cpp; name = IldaFrames.cpp; path = ../../lib/IldaFrames.cpp; sourceTree = "<group>"; };
		542E367B24C46EAE00C79AB7 /* IldaFrames.h */ = {isa = PBXFileReference; fileEncoding = 4; lastKnownFileType = sourcecode.c.h; name = IldaFrames.h; path = ../../lib/IldaFrames.h; sourceTree = "<group>"; };
		544C5DFC24C45C6700B6BC20 /* info.plist */ = {isa = PBXFileReference; fileEncoding = 4; lastKnownFileType = text.plist.xml; path = info.plist; sourceTree = "<group>"; };
		544C5DFE24C45DA300B6BC20 /* maxmspsdk.xcconfig */ = {isa = PBXFileReference; fileEncoding = 4; lastKnownFileType = text.xcconfig; path = maxmspsdk.xcconfig; sourceTree = "<group>"; };
		544C5E0024C45EBE00B6BC20 /* main.cpp */ = {isa = PBXFileReference; fileEncoding = 4; lastKnownFileType = sourcecode.cpp.cpp; path = main.cpp; sourceTree = "<group>"; };
/* End PBXFileReference section */

/* Begin PBXFrameworksBuildPhase section */
		2FBBEADC08F335360078DB84 /* Frameworks */ = {
			isa = PBXFrameworksBuildPhase;
			buildActionMask = 2147483647;
			files = (
			);
			runOnlyForDeploymentPostprocessing = 0;
		};
/* End PBXFrameworksBuildPhase section */

/* Begin PBXGroup section */
		089C166AFE841209C02AAC07 /* iterator */ = {
			isa = PBXGroup;
			children = (
				542E367524C46E9D00C79AB7 /* lib */,
				544C5DFE24C45DA300B6BC20 /* maxmspsdk.xcconfig */,
				544C5DFC24C45C6700B6BC20 /* info.plist */,
				544C5E0024C45EBE00B6BC20 /* main.cpp */,
				19C28FB4FE9D528D11CA2CBB /* Products */,
			);
			name = iterator;
			sourceTree = "<group>";
		};
		19C28FB4FE9D528D11CA2CBB /* Products */ = {
			isa = PBXGroup;
			children = (
				2FBBEAE508F335360078DB84 /* ildareader.mxo */,
			);
			name = Products;
			sourceTree = "<group>";
		};
		542E367524C46E9D00C79AB7 /* lib */ = {
			isa = PBXGroup;
			children = (
				542E367824C46EAE00C79AB7 /* IldaFrame.cpp */,
				542E367924C46EAE00C79AB7 /* IldaFrame.h */,
				542E367A24C46EAE00C79AB7 /* IldaFrames.cpp */,
				542E367B24C46EAE00C79AB7 /* IldaFrames.h */,
				542E367724C46EAE00C79AB7 /* Palette.cpp */,
				542E367624C46EAE00C79AB7 /* Palette.h */,
			);
			path = lib;
			sourceTree = "<group>";
		};
/* End PBXGroup section */

/* Begin PBXHeadersBuildPhase section */
		2FBBEAD708F335360078DB84 /* Headers */ = {
			isa = PBXHeadersBuildPhase;
			buildActionMask = 2147483647;
			files = (
				542E368124C46EAE00C79AB7 /* IldaFrames.h in Headers */,
				542E367F24C46EAE00C79AB7 /* IldaFrame.h in Headers */,
				542E367C24C46EAE00C79AB7 /* Palette.h in Headers */,
			);
			runOnlyForDeploymentPostprocessing = 0;
		};
/* End PBXHeadersBuildPhase section */

/* Begin PBXNativeTarget section */
		2FBBEAD608F335360078DB84 /* max-external */ = {
			isa = PBXNativeTarget;
			buildConfigurationList = 2FBBEAE008F335360078DB84 /* Build configuration list for PBXNativeTarget "max-external" */;
			buildPhases = (
				2FBBEAD708F335360078DB84 /* Headers */,
				2FBBEAD808F335360078DB84 /* Resources */,
				2FBBEADA08F335360078DB84 /* Sources */,
				2FBBEADC08F335360078DB84 /* Frameworks */,
				2FBBEADF08F335360078DB84 /* Rez */,
			);
			buildRules = (
			);
			dependencies = (
			);
			name = "max-external";
			productName = iterator;
			productReference = 2FBBEAE508F335360078DB84 /* ildareader.mxo */;
			productType = "com.apple.product-type.bundle";
		};
/* End PBXNativeTarget section */

/* Begin PBXProject section */
		089C1669FE841209C02AAC07 /* Project object */ = {
			isa = PBXProject;
			attributes = {
				LastUpgradeCheck = 0610;
			};
			buildConfigurationList = 2FBBEACF08F335010078DB84 /* Build configuration list for PBXProject "ilda-reader" */;
			compatibilityVersion = "Xcode 3.2";
			developmentRegion = English;
			hasScannedForEncodings = 1;
			knownRegions = (
				English,
				en,
			);
			mainGroup = 089C166AFE841209C02AAC07 /* iterator */;
			projectDirPath = "";
			projectRoot = "";
			targets = (
				2FBBEAD608F335360078DB84 /* max-external */,
			);
		};
/* End PBXProject section */

/* Begin PBXResourcesBuildPhase section */
		2FBBEAD808F335360078DB84 /* Resources */ = {
			isa = PBXResourcesBuildPhase;
			buildActionMask = 2147483647;
			files = (
				544C5DFD24C45C6700B6BC20 /* info.plist in Resources */,
				544C5DFF24C45DA300B6BC20 /* maxmspsdk.xcconfig in Resources */,
			);
			runOnlyForDeploymentPostprocessing = 0;
		};
/* End PBXResourcesBuildPhase section */

/* Begin PBXRezBuildPhase section */
		2FBBEADF08F335360078DB84 /* Rez */ = {
			isa = PBXRezBuildPhase;
			buildActionMask = 2147483647;
			files = (
			);
			runOnlyForDeploymentPostprocessing = 0;
		};
/* End PBXRezBuildPhase section */

/* Begin PBXSourcesBuildPhase section */
		2FBBEADA08F335360078DB84 /* Sources */ = {
			isa = PBXSourcesBuildPhase;
			buildActionMask = 2147483647;
			files = (
				542E367E24C46EAE00C79AB7 /* IldaFrame.cpp in Sources */,
				544C5E0124C45EBE00B6BC20 /* main.cpp in Sources */,
				542E367D24C46EAE00C79AB7 /* Palette.cpp in Sources */,
				542E368024C46EAE00C79AB7 /* IldaFrames.cpp in Sources */,
			);
			runOnlyForDeploymentPostprocessing = 0;
		};
/* End PBXSourcesBuildPhase section */

/* Begin XCBuildConfiguration section */
		2FBBEAD008F335010078DB84 /* Development */ = {
			isa = XCBuildConfiguration;
			buildSettings = {
			};
			name = Development;
		};
		2FBBEAD108F335010078DB84 /* Deployment */ = {
			isa = XCBuildConfiguration;
			buildSettings = {
			};
			name = Deployment;
		};
		2FBBEAE108F335360078DB84 /* Development */ = {
			isa = XCBuildConfiguration;
			baseConfigurationReference = 544C5DFE24C45DA300B6BC20 /* maxmspsdk.xcconfig */;
			buildSettings = {
				COPY_PHASE_STRIP = NO;
				GCC_OPTIMIZATION_LEVEL = 0;
				INFOPLIST_FILE = "$(SRCROOT)/Info.plist";
				OTHER_LDFLAGS = "$(C74_SYM_LINKER_FLAGS)";
				PRODUCT_BUNDLE_IDENTIFIER = com.syn.ildareader;
				PRODUCT_NAME = ildareader;
			};
			name = Development;
		};
		2FBBEAE208F335360078DB84 /* Deployment */ = {
			isa = XCBuildConfiguration;
			baseConfigurationReference = 544C5DFE24C45DA300B6BC20 /* maxmspsdk.xcconfig */;
			buildSettings = {
				COPY_PHASE_STRIP = YES;
				INFOPLIST_FILE = "$(SRCROOT)/Info.plist";
				OTHER_LDFLAGS = "$(C74_SYM_LINKER_FLAGS)";
				PRODUCT_BUNDLE_IDENTIFIER = com.syn.ildareader;
				PRODUCT_NAME = ildareader;
			};
			name = Deployment;
		};
/* End XCBuildConfiguration section */

/* Begin XCConfigurationList section */
		2FBBEACF08F335010078DB84 /* Build configuration list for PBXProject "ilda-reader" */ = {
			isa = XCConfigurationList;
			buildConfigurations = (
				2FBBEAD008F335010078DB84 /* Development */,
				2FBBEAD108F335010078DB84 /* Deployment */,
			);
			defaultConfigurationIsVisible = 0;
			defaultConfigurationName = Development;
		};
		2FBBEAE008F335360078DB84 /* Build configuration list for PBXNativeTarget "max-external" */ = {
			isa = XCConfigurationList;
			buildConfigurations = (
				2FBBEAE108F335360078DB84 /* Development */,
				2FBBEAE208F335360078DB84 /* Deployment */,
			);
			defaultConfigurationIsVisible = 0;
			defaultConfigurationName = Development;
		};
/* End XCConfigurationList section */
	};
	rootObject = 089C1669FE841209C02AAC07 /* Project object */;
}
